# THIS IS AN AUTOGENERATED FILE. DO NOT EDIT THIS FILE DIRECTLY.
# yarn lockfile v1


"@matterlabs/zksync-contracts@^0.6.1":
  version "0.6.1"
  resolved "https://registry.yarnpkg.com/@matterlabs/zksync-contracts/-/zksync-contracts-0.6.1.tgz#39f061959d5890fd0043a2f1ae710f764b172230"
  integrity sha512-+hucLw4DhGmTmQlXOTEtpboYCaOm/X2VJcWmnW4abNcOgQXEHX+mTxQrxEfPjIZT0ZE6z5FTUrOK9+RgUZwBMQ==
